
Microsoft Visual Studio Solution File, Format Version 12.00
# Visual Studio 15
VisualStudioVersion = 15.0.28010.2050
MinimumVisualStudioVersion = 10.0.40219.1
Project("{FAE04EC0-301F-11D3-BF4B-00C04F79EFBC}") = "StringManipulation", "StringManipulation\StringManipulation.csproj", "{6149A2B6-8560-48B2-AE36-F3E39E39F667}"
EndProject
Global
	GlobalSection(SolutionConfigurationPlatforms) = preSolution
		Debug|Any CPU = Debug|Any CPU
		Release|Any CPU = Release|Any CPU
	EndGlobalSection
	GlobalSection(ProjectConfigurationPlatforms) = postSolution
		{6149A2B6-8560-48B2-AE36-F3E39E39F667}.Debug|Any CPU.ActiveCfg = Debug|Any CPU
		{6149A2B6-8560-48B2-AE36-F3E39E39F667}.Debug|Any CPU.Build.0 = Debug|Any CPU
		{6149A2B6-8560-48B2-AE36-F3E39E39F667}.Release|Any CPU.ActiveCfg = Release|Any CPU
		{6149A2B6-8560-48B2-AE36-F3E39E39F667}.Release|Any CPU.Build.0 = Release|Any CPU
	EndGlobalSection
	GlobalSection(SolutionProperties) = preSolution
		HideSolutionNode = FALSE
	EndGlobalSection
	GlobalSection(ExtensibilityGlobals) = postSolution
		SolutionGuid = {102DB54A-BD51-4429-BB81-79A068336468}
	EndGlobalSection
EndGlobal
