
Microsoft Visual Studio Solution File, Format Version 12.00
# Visual Studio 15
VisualStudioVersion = 15.0.28010.2050
MinimumVisualStudioVersion = 10.0.40219.1
Project("{FAE04EC0-301F-11D3-BF4B-00C04F79EFBC}") = "(P) JSON - Pokemon", "(P) JSON - Pokemon\(P) JSON - Pokemon.csproj", "{6010725B-9D3B-4C3F-A46F-DAE451E27DF5}"
EndProject
Global
	GlobalSection(SolutionConfigurationPlatforms) = preSolution
		Debug|Any CPU = Debug|Any CPU
		Release|Any CPU = Release|Any CPU
	EndGlobalSection
	GlobalSection(ProjectConfigurationPlatforms) = postSolution
		{6010725B-9D3B-4C3F-A46F-DAE451E27DF5}.Debug|Any CPU.ActiveCfg = Debug|Any CPU
		{6010725B-9D3B-4C3F-A46F-DAE451E27DF5}.Debug|Any CPU.Build.0 = Debug|Any CPU
		{6010725B-9D3B-4C3F-A46F-DAE451E27DF5}.Release|Any CPU.ActiveCfg = Release|Any CPU
		{6010725B-9D3B-4C3F-A46F-DAE451E27DF5}.Release|Any CPU.Build.0 = Release|Any CPU
	EndGlobalSection
	GlobalSection(SolutionProperties) = preSolution
		HideSolutionNode = FALSE
	EndGlobalSection
	GlobalSection(ExtensibilityGlobals) = postSolution
		SolutionGuid = {254D1FD8-8BA4-4965-AB0D-35109777C8C2}
	EndGlobalSection
EndGlobal
