
Microsoft Visual Studio Solution File, Format Version 12.00
# Visual Studio 15
VisualStudioVersion = 15.0.28010.2050
MinimumVisualStudioVersion = 10.0.40219.1
Project("{FAE04EC0-301F-11D3-BF4B-00C04F79EFBC}") = "(P) Database", "(P) Database\(P) Database.csproj", "{7B833D85-56A2-416F-B4C8-6AA548F36E6C}"
EndProject
Global
	GlobalSection(SolutionConfigurationPlatforms) = preSolution
		Debug|Any CPU = Debug|Any CPU
		Release|Any CPU = Release|Any CPU
	EndGlobalSection
	GlobalSection(ProjectConfigurationPlatforms) = postSolution
		{7B833D85-56A2-416F-B4C8-6AA548F36E6C}.Debug|Any CPU.ActiveCfg = Debug|Any CPU
		{7B833D85-56A2-416F-B4C8-6AA548F36E6C}.Debug|Any CPU.Build.0 = Debug|Any CPU
		{7B833D85-56A2-416F-B4C8-6AA548F36E6C}.Release|Any CPU.ActiveCfg = Release|Any CPU
		{7B833D85-56A2-416F-B4C8-6AA548F36E6C}.Release|Any CPU.Build.0 = Release|Any CPU
	EndGlobalSection
	GlobalSection(SolutionProperties) = preSolution
		HideSolutionNode = FALSE
	EndGlobalSection
	GlobalSection(ExtensibilityGlobals) = postSolution
		SolutionGuid = {EEDFF2A3-3BB8-44B3-9D8F-E8A30905BC10}
	EndGlobalSection
EndGlobal
