
Microsoft Visual Studio Solution File, Format Version 12.00
# Visual Studio 15
VisualStudioVersion = 15.0.28010.2050
MinimumVisualStudioVersion = 10.0.40219.1
Project("{FAE04EC0-301F-11D3-BF4B-00C04F79EFBC}") = "Participation10Classes", "Participation10Classes\Participation10Classes.csproj", "{139752D2-18FB-4B84-A5DE-0DAC9791F013}"
EndProject
Global
	GlobalSection(SolutionConfigurationPlatforms) = preSolution
		Debug|Any CPU = Debug|Any CPU
		Release|Any CPU = Release|Any CPU
	EndGlobalSection
	GlobalSection(ProjectConfigurationPlatforms) = postSolution
		{139752D2-18FB-4B84-A5DE-0DAC9791F013}.Debug|Any CPU.ActiveCfg = Debug|Any CPU
		{139752D2-18FB-4B84-A5DE-0DAC9791F013}.Debug|Any CPU.Build.0 = Debug|Any CPU
		{139752D2-18FB-4B84-A5DE-0DAC9791F013}.Release|Any CPU.ActiveCfg = Release|Any CPU
		{139752D2-18FB-4B84-A5DE-0DAC9791F013}.Release|Any CPU.Build.0 = Release|Any CPU
	EndGlobalSection
	GlobalSection(SolutionProperties) = preSolution
		HideSolutionNode = FALSE
	EndGlobalSection
	GlobalSection(ExtensibilityGlobals) = postSolution
		SolutionGuid = {309ADC41-4591-48E8-9F65-BDB51F172F8A}
	EndGlobalSection
EndGlobal
